
Microsoft Visual Studio Solution File, Format Version 12.00
# Visual Studio Version 17
VisualStudioVersion = 17.0.31903.59
MinimumVisualStudioVersion = 10.0.40219.1
Project("{FAE04EC0-301F-11D3-BF4B-00C04F79EFBC}") = "zad__2", "zad__2\zad__2.csproj", "{214AB725-96AB-40FB-988E-D02834239FFF}"
EndProject
Global
	GlobalSection(SolutionConfigurationPlatforms) = preSolution
		Debug|Any CPU = Debug|Any CPU
		Release|Any CPU = Release|Any CPU
	EndGlobalSection
	GlobalSection(ProjectConfigurationPlatforms) = postSolution
		{214AB725-96AB-40FB-988E-D02834239FFF}.Debug|Any CPU.ActiveCfg = Debug|Any CPU
		{214AB725-96AB-40FB-988E-D02834239FFF}.Debug|Any CPU.Build.0 = Debug|Any CPU
		{214AB725-96AB-40FB-988E-D02834239FFF}.Release|Any CPU.ActiveCfg = Release|Any CPU
		{214AB725-96AB-40FB-988E-D02834239FFF}.Release|Any CPU.Build.0 = Release|Any CPU
	EndGlobalSection
	GlobalSection(SolutionProperties) = preSolution
		HideSolutionNode = FALSE
	EndGlobalSection
	GlobalSection(ExtensibilityGlobals) = postSolution
		SolutionGuid = {8AD547A4-4004-4C82-88E0-2E36421B63A9}
	EndGlobalSection
EndGlobal
